// !$*UTF8*$!
{
	archiveVersion = 1;
	classes = {
	};
	objectVersion = 56;
	objects = {

/* Begin PBXBuildFile section */
		953B89972C36A8BC00A4618D /* AdminHomeScreen.swift in Sources */ = {isa = PBXBuildFile; fileRef = 953B89962C36A8BB00A4618D /* AdminHomeScreen.swift */; };
		953B89992C36A8E200A4618D /* CreateEducatorAccount.swift in Sources */ = {isa = PBXBuildFile; fileRef = 953B89982C36A8E200A4618D /* CreateEducatorAccount.swift */; };
		953B899B2C36A8F000A4618D /* EducatorHomeScreen.swift in Sources */ = {isa = PBXBuildFile; fileRef = 953B899A2C36A8F000A4618D /* EducatorHomeScreen.swift */; };
		953B899D2C36A8FA00A4618D /* MainScreen.swift in Sources */ = {isa = PBXBuildFile; fileRef = 953B899C2C36A8FA00A4618D /* MainScreen.swift */; };
		953B89A72C36A94C00A4618D /* EducatorLogin.swift in Sources */ = {isa = PBXBuildFile; fileRef = 953B89A62C36A94C00A4618D /* EducatorLogin.swift */; };
		953B89A92C36A96800A4618D /* AdminLogin.swift in Sources */ = {isa = PBXBuildFile; fileRef = 953B89A82C36A96800A4618D /* AdminLogin.swift */; };
		BBB4DD052C373EBC00150FE5 /* NewTargetScreen.swift in Sources */ = {isa = PBXBuildFile; fileRef = BBB4DD022C373EBC00150FE5 /* NewTargetScreen.swift */; };
		BBB4DD062C373EBC00150FE5 /* TargetScreen.swift in Sources */ = {isa = PBXBuildFile; fileRef = BBB4DD032C373EBC00150FE5 /* TargetScreen.swift */; };
		BBB4DD072C373EBC00150FE5 /* File.swift in Sources */ = {isa = PBXBuildFile; fileRef = BBB4DD042C373EBC00150FE5 /* File.swift */; };
		BBB4DD092C37408200150FE5 /* GoogleService-Info.plist in Resources */ = {isa = PBXBuildFile; fileRef = BBB4DD082C37408200150FE5 /* GoogleService-Info.plist */; };
		BBB4DD0B2C3748D400150FE5 /* CourseCreationScreen.swift in Sources */ = {isa = PBXBuildFile; fileRef = BBB4DD0A2C3748D400150FE5 /* CourseCreationScreen.swift */; };
		D19D5B0B2C35423100E9AE98 /* TLMS_adminApp.swift in Sources */ = {isa = PBXBuildFile; fileRef = D19D5B0A2C35423100E9AE98 /* TLMS_adminApp.swift */; };
		D19D5B0D2C35423100E9AE98 /* ContentView.swift in Sources */ = {isa = PBXBuildFile; fileRef = D19D5B0C2C35423100E9AE98 /* ContentView.swift */; };
		D19D5B0F2C35423200E9AE98 /* Assets.xcassets in Resources */ = {isa = PBXBuildFile; fileRef = D19D5B0E2C35423200E9AE98 /* Assets.xcassets */; };
		D19D5B122C35423200E9AE98 /* Preview Assets.xcassets in Resources */ = {isa = PBXBuildFile; fileRef = D19D5B112C35423200E9AE98 /* Preview Assets.xcassets */; };
		D19D5B1C2C35423200E9AE98 /* TLMS_adminTests.swift in Sources */ = {isa = PBXBuildFile; fileRef = D19D5B1B2C35423200E9AE98 /* TLMS_adminTests.swift */; };
		D19D5B262C35423200E9AE98 /* TLMS_adminUITests.swift in Sources */ = {isa = PBXBuildFile; fileRef = D19D5B252C35423200E9AE98 /* TLMS_adminUITests.swift */; };
		D19D5B282C35423200E9AE98 /* TLMS_adminUITestsLaunchTests.swift in Sources */ = {isa = PBXBuildFile; fileRef = D19D5B272C35423200E9AE98 /* TLMS_adminUITestsLaunchTests.swift */; };
		D19D5B352C35425F00E9AE98 /* .gitignore in Resources */ = {isa = PBXBuildFile; fileRef = D19D5B342C35425F00E9AE98 /* .gitignore */; };
		D1D98E4B2C3557B30087BE49 /* FirebaseAuth in Frameworks */ = {isa = PBXBuildFile; productRef = D1D98E4A2C3557B30087BE49 /* FirebaseAuth */; };
		D1D98E4D2C3557B30087BE49 /* FirebaseDatabase in Frameworks */ = {isa = PBXBuildFile; productRef = D1D98E4C2C3557B30087BE49 /* FirebaseDatabase */; };
		D1D98E4F2C3557B30087BE49 /* FirebaseDatabaseSwift in Frameworks */ = {isa = PBXBuildFile; productRef = D1D98E4E2C3557B30087BE49 /* FirebaseDatabaseSwift */; };
		D1D98E512C3557B30087BE49 /* FirebaseFirestore in Frameworks */ = {isa = PBXBuildFile; productRef = D1D98E502C3557B30087BE49 /* FirebaseFirestore */; };
		D1D98E532C3557B30087BE49 /* FirebaseFirestoreSwift in Frameworks */ = {isa = PBXBuildFile; productRef = D1D98E522C3557B30087BE49 /* FirebaseFirestoreSwift */; };
		D1D98E552C3557B30087BE49 /* FirebaseStorage in Frameworks */ = {isa = PBXBuildFile; productRef = D1D98E542C3557B30087BE49 /* FirebaseStorage */; };
/* End PBXBuildFile section */

/* Begin PBXContainerItemProxy section */
		D19D5B182C35423200E9AE98 /* PBXContainerItemProxy */ = {
			isa = PBXContainerItemProxy;
			containerPortal = D19D5AFF2C35423100E9AE98 /* Project object */;
			proxyType = 1;
			remoteGlobalIDString = D19D5B062C35423100E9AE98;
			remoteInfo = "TLMS-admin";
		};
		D19D5B222C35423200E9AE98 /* PBXContainerItemProxy */ = {
			isa = PBXContainerItemProxy;
			containerPortal = D19D5AFF2C35423100E9AE98 /* Project object */;
			proxyType = 1;
			remoteGlobalIDString = D19D5B062C35423100E9AE98;
			remoteInfo = "TLMS-admin";
		};
/* End PBXContainerItemProxy section */

/* Begin PBXFileReference section */
		953B89962C36A8BB00A4618D /* AdminHomeScreen.swift */ = {isa = PBXFileReference; lastKnownFileType = sourcecode.swift; path = AdminHomeScreen.swift; sourceTree = "<group>"; };
		953B89982C36A8E200A4618D /* CreateEducatorAccount.swift */ = {isa = PBXFileReference; lastKnownFileType = sourcecode.swift; path = CreateEducatorAccount.swift; sourceTree = "<group>"; };
		953B899A2C36A8F000A4618D /* EducatorHomeScreen.swift */ = {isa = PBXFileReference; lastKnownFileType = sourcecode.swift; path = EducatorHomeScreen.swift; sourceTree = "<group>"; };
		953B899C2C36A8FA00A4618D /* MainScreen.swift */ = {isa = PBXFileReference; lastKnownFileType = sourcecode.swift; path = MainScreen.swift; sourceTree = "<group>"; };
		953B89A62C36A94C00A4618D /* EducatorLogin.swift */ = {isa = PBXFileReference; lastKnownFileType = sourcecode.swift; path = EducatorLogin.swift; sourceTree = "<group>"; };
		953B89A82C36A96800A4618D /* AdminLogin.swift */ = {isa = PBXFileReference; lastKnownFileType = sourcecode.swift; path = AdminLogin.swift; sourceTree = "<group>"; };
		BBB4DD022C373EBC00150FE5 /* NewTargetScreen.swift */ = {isa = PBXFileReference; fileEncoding = 4; lastKnownFileType = sourcecode.swift; path = NewTargetScreen.swift; sourceTree = "<group>"; };
		BBB4DD032C373EBC00150FE5 /* TargetScreen.swift */ = {isa = PBXFileReference; fileEncoding = 4; lastKnownFileType = sourcecode.swift; path = TargetScreen.swift; sourceTree = "<group>"; };
		BBB4DD042C373EBC00150FE5 /* File.swift */ = {isa = PBXFileReference; fileEncoding = 4; lastKnownFileType = sourcecode.swift; path = File.swift; sourceTree = "<group>"; };
		BBB4DD082C37408200150FE5 /* GoogleService-Info.plist */ = {isa = PBXFileReference; fileEncoding = 4; lastKnownFileType = text.plist.xml; name = "GoogleService-Info.plist"; path = "../../GoogleService-Info.plist"; sourceTree = "<group>"; };
		BBB4DD0A2C3748D400150FE5 /* CourseCreationScreen.swift */ = {isa = PBXFileReference; lastKnownFileType = sourcecode.swift; path = CourseCreationScreen.swift; sourceTree = "<group>"; };
		D19D5B072C35423100E9AE98 /* TLMS-admin.app */ = {isa = PBXFileReference; explicitFileType = wrapper.application; includeInIndex = 0; path = "TLMS-admin.app"; sourceTree = BUILT_PRODUCTS_DIR; };
		D19D5B0A2C35423100E9AE98 /* TLMS_adminApp.swift */ = {isa = PBXFileReference; lastKnownFileType = sourcecode.swift; path = TLMS_adminApp.swift; sourceTree = "<group>"; };
		D19D5B0C2C35423100E9AE98 /* ContentView.swift */ = {isa = PBXFileReference; lastKnownFileType = sourcecode.swift; path = ContentView.swift; sourceTree = "<group>"; };
		D19D5B0E2C35423200E9AE98 /* Assets.xcassets */ = {isa = PBXFileReference; lastKnownFileType = folder.assetcatalog; path = Assets.xcassets; sourceTree = "<group>"; };
		D19D5B112C35423200E9AE98 /* Preview Assets.xcassets */ = {isa = PBXFileReference; lastKnownFileType = folder.assetcatalog; path = "Preview Assets.xcassets"; sourceTree = "<group>"; };
		D19D5B172C35423200E9AE98 /* TLMS-adminTests.xctest */ = {isa = PBXFileReference; explicitFileType = wrapper.cfbundle; includeInIndex = 0; path = "TLMS-adminTests.xctest"; sourceTree = BUILT_PRODUCTS_DIR; };
		D19D5B1B2C35423200E9AE98 /* TLMS_adminTests.swift */ = {isa = PBXFileReference; lastKnownFileType = sourcecode.swift; path = TLMS_adminTests.swift; sourceTree = "<group>"; };
		D19D5B212C35423200E9AE98 /* TLMS-adminUITests.xctest */ = {isa = PBXFileReference; explicitFileType = wrapper.cfbundle; includeInIndex = 0; path = "TLMS-adminUITests.xctest"; sourceTree = BUILT_PRODUCTS_DIR; };
		D19D5B252C35423200E9AE98 /* TLMS_adminUITests.swift */ = {isa = PBXFileReference; lastKnownFileType = sourcecode.swift; path = TLMS_adminUITests.swift; sourceTree = "<group>"; };
		D19D5B272C35423200E9AE98 /* TLMS_adminUITestsLaunchTests.swift */ = {isa = PBXFileReference; lastKnownFileType = sourcecode.swift; path = TLMS_adminUITestsLaunchTests.swift; sourceTree = "<group>"; };
		D19D5B342C35425F00E9AE98 /* .gitignore */ = {isa = PBXFileReference; fileEncoding = 4; lastKnownFileType = text; path = .gitignore; sourceTree = "<group>"; };
/* End PBXFileReference section */

/* Begin PBXFrameworksBuildPhase section */
		D19D5B042C35423100E9AE98 /* Frameworks */ = {
			isa = PBXFrameworksBuildPhase;
			buildActionMask = 2147483647;
			files = (
				D1D98E532C3557B30087BE49 /* FirebaseFirestoreSwift in Frameworks */,
				D1D98E4F2C3557B30087BE49 /* FirebaseDatabaseSwift in Frameworks */,
				D1D98E512C3557B30087BE49 /* FirebaseFirestore in Frameworks */,
				D1D98E4D2C3557B30087BE49 /* FirebaseDatabase in Frameworks */,
				D1D98E4B2C3557B30087BE49 /* FirebaseAuth in Frameworks */,
				D1D98E552C3557B30087BE49 /* FirebaseStorage in Frameworks */,
			);
			runOnlyForDeploymentPostprocessing = 0;
		};
		D19D5B142C35423200E9AE98 /* Frameworks */ = {
			isa = PBXFrameworksBuildPhase;
			buildActionMask = 2147483647;
			files = (
			);
			runOnlyForDeploymentPostprocessing = 0;
		};
		D19D5B1E2C35423200E9AE98 /* Frameworks */ = {
			isa = PBXFrameworksBuildPhase;
			buildActionMask = 2147483647;
			files = (
			);
			runOnlyForDeploymentPostprocessing = 0;
		};
/* End PBXFrameworksBuildPhase section */

/* Begin PBXGroup section */
		D19D5AFE2C35423100E9AE98 = {
			isa = PBXGroup;
			children = (
				BBB4DD082C37408200150FE5 /* GoogleService-Info.plist */,
				D19D5B342C35425F00E9AE98 /* .gitignore */,
				D19D5B092C35423100E9AE98 /* TLMS-admin */,
				D19D5B1A2C35423200E9AE98 /* TLMS-adminTests */,
				D19D5B242C35423200E9AE98 /* TLMS-adminUITests */,
				D19D5B082C35423100E9AE98 /* Products */,
			);
			sourceTree = "<group>";
		};
		D19D5B082C35423100E9AE98 /* Products */ = {
			isa = PBXGroup;
			children = (
				D19D5B072C35423100E9AE98 /* TLMS-admin.app */,
				D19D5B172C35423200E9AE98 /* TLMS-adminTests.xctest */,
				D19D5B212C35423200E9AE98 /* TLMS-adminUITests.xctest */,
			);
			name = Products;
			sourceTree = "<group>";
		};
		D19D5B092C35423100E9AE98 /* TLMS-admin */ = {
			isa = PBXGroup;
			children = (
				D19D5B0A2C35423100E9AE98 /* TLMS_adminApp.swift */,
				953B89962C36A8BB00A4618D /* AdminHomeScreen.swift */,
				953B89982C36A8E200A4618D /* CreateEducatorAccount.swift */,
				953B899A2C36A8F000A4618D /* EducatorHomeScreen.swift */,
				953B899C2C36A8FA00A4618D /* MainScreen.swift */,
				BBB4DD042C373EBC00150FE5 /* File.swift */,
				BBB4DD022C373EBC00150FE5 /* NewTargetScreen.swift */,
				BBB4DD032C373EBC00150FE5 /* TargetScreen.swift */,
				BBB4DD0A2C3748D400150FE5 /* CourseCreationScreen.swift */,
				953B89A62C36A94C00A4618D /* EducatorLogin.swift */,
				953B89A82C36A96800A4618D /* AdminLogin.swift */,
				D19D5B0C2C35423100E9AE98 /* ContentView.swift */,
				D19D5B0E2C35423200E9AE98 /* Assets.xcassets */,
				D19D5B102C35423200E9AE98 /* Preview Content */,
			);
			path = "TLMS-admin";
			sourceTree = "<group>";
		};
		D19D5B102C35423200E9AE98 /* Preview Content */ = {
			isa = PBXGroup;
			children = (
				D19D5B112C35423200E9AE98 /* Preview Assets.xcassets */,
			);
			path = "Preview Content";
			sourceTree = "<group>";
		};
		D19D5B1A2C35423200E9AE98 /* TLMS-adminTests */ = {
			isa = PBXGroup;
			children = (
				D19D5B1B2C35423200E9AE98 /* TLMS_adminTests.swift */,
			);
			path = "TLMS-adminTests";
			sourceTree = "<group>";
		};
		D19D5B242C35423200E9AE98 /* TLMS-adminUITests */ = {
			isa = PBXGroup;
			children = (
				D19D5B252C35423200E9AE98 /* TLMS_adminUITests.swift */,
				D19D5B272C35423200E9AE98 /* TLMS_adminUITestsLaunchTests.swift */,
			);
			path = "TLMS-adminUITests";
			sourceTree = "<group>";
		};
/* End PBXGroup section */

/* Begin PBXNativeTarget section */
		D19D5B062C35423100E9AE98 /* TLMS-admin */ = {
			isa = PBXNativeTarget;
			buildConfigurationList = D19D5B2B2C35423200E9AE98 /* Build configuration list for PBXNativeTarget "TLMS-admin" */;
			buildPhases = (
				D19D5B032C35423100E9AE98 /* Sources */,
				D19D5B042C35423100E9AE98 /* Frameworks */,
				D19D5B052C35423100E9AE98 /* Resources */,
			);
			buildRules = (
			);
			dependencies = (
			);
			name = "TLMS-admin";
			packageProductDependencies = (
				D1D98E4A2C3557B30087BE49 /* FirebaseAuth */,
				D1D98E4C2C3557B30087BE49 /* FirebaseDatabase */,
				D1D98E4E2C3557B30087BE49 /* FirebaseDatabaseSwift */,
				D1D98E502C3557B30087BE49 /* FirebaseFirestore */,
				D1D98E522C3557B30087BE49 /* FirebaseFirestoreSwift */,
				D1D98E542C3557B30087BE49 /* FirebaseStorage */,
			);
			productName = "TLMS-admin";
			productReference = D19D5B072C35423100E9AE98 /* TLMS-admin.app */;
			productType = "com.apple.product-type.application";
		};
		D19D5B162C35423200E9AE98 /* TLMS-adminTests */ = {
			isa = PBXNativeTarget;
			buildConfigurationList = D19D5B2E2C35423200E9AE98 /* Build configuration list for PBXNativeTarget "TLMS-adminTests" */;
			buildPhases = (
				D19D5B132C35423200E9AE98 /* Sources */,
				D19D5B142C35423200E9AE98 /* Frameworks */,
				D19D5B152C35423200E9AE98 /* Resources */,
			);
			buildRules = (
			);
			dependencies = (
				D19D5B192C35423200E9AE98 /* PBXTargetDependency */,
			);
			name = "TLMS-adminTests";
			productName = "TLMS-adminTests";
			productReference = D19D5B172C35423200E9AE98 /* TLMS-adminTests.xctest */;
			productType = "com.apple.product-type.bundle.unit-test";
		};
		D19D5B202C35423200E9AE98 /* TLMS-adminUITests */ = {
			isa = PBXNativeTarget;
			buildConfigurationList = D19D5B312C35423200E9AE98 /* Build configuration list for PBXNativeTarget "TLMS-adminUITests" */;
			buildPhases = (
				D19D5B1D2C35423200E9AE98 /* Sources */,
				D19D5B1E2C35423200E9AE98 /* Frameworks */,
				D19D5B1F2C35423200E9AE98 /* Resources */,
			);
			buildRules = (
			);
			dependencies = (
				D19D5B232C35423200E9AE98 /* PBXTargetDependency */,
			);
			name = "TLMS-adminUITests";
			productName = "TLMS-adminUITests";
			productReference = D19D5B212C35423200E9AE98 /* TLMS-adminUITests.xctest */;
			productType = "com.apple.product-type.bundle.ui-testing";
		};
/* End PBXNativeTarget section */

/* Begin PBXProject section */
		D19D5AFF2C35423100E9AE98 /* Project object */ = {
			isa = PBXProject;
			attributes = {
				BuildIndependentTargetsInParallel = 1;
				LastSwiftUpdateCheck = 1540;
				LastUpgradeCheck = 1540;
				TargetAttributes = {
					D19D5B062C35423100E9AE98 = {
						CreatedOnToolsVersion = 15.4;
					};
					D19D5B162C35423200E9AE98 = {
						CreatedOnToolsVersion = 15.4;
						TestTargetID = D19D5B062C35423100E9AE98;
					};
					D19D5B202C35423200E9AE98 = {
						CreatedOnToolsVersion = 15.4;
						TestTargetID = D19D5B062C35423100E9AE98;
					};
				};
			};
			buildConfigurationList = D19D5B022C35423100E9AE98 /* Build configuration list for PBXProject "TLMS-admin" */;
			compatibilityVersion = "Xcode 14.0";
			developmentRegion = en;
			hasScannedForEncodings = 0;
			knownRegions = (
				en,
				Base,
			);
			mainGroup = D19D5AFE2C35423100E9AE98;
			packageReferences = (
				D1D98E492C3557B30087BE49 /* XCRemoteSwiftPackageReference "firebase-ios-sdk" */,
			);
			productRefGroup = D19D5B082C35423100E9AE98 /* Products */;
			projectDirPath = "";
			projectRoot = "";
			targets = (
				D19D5B062C35423100E9AE98 /* TLMS-admin */,
				D19D5B162C35423200E9AE98 /* TLMS-adminTests */,
				D19D5B202C35423200E9AE98 /* TLMS-adminUITests */,
			);
		};
/* End PBXProject section */

/* Begin PBXResourcesBuildPhase section */
		D19D5B052C35423100E9AE98 /* Resources */ = {
			isa = PBXResourcesBuildPhase;
			buildActionMask = 2147483647;
			files = (
				D19D5B122C35423200E9AE98 /* Preview Assets.xcassets in Resources */,
				BBB4DD092C37408200150FE5 /* GoogleService-Info.plist in Resources */,
				D19D5B352C35425F00E9AE98 /* .gitignore in Resources */,
				D19D5B0F2C35423200E9AE98 /* Assets.xcassets in Resources */,
			);
			runOnlyForDeploymentPostprocessing = 0;
		};
		D19D5B152C35423200E9AE98 /* Resources */ = {
			isa = PBXResourcesBuildPhase;
			buildActionMask = 2147483647;
			files = (
			);
			runOnlyForDeploymentPostprocessing = 0;
		};
		D19D5B1F2C35423200E9AE98 /* Resources */ = {
			isa = PBXResourcesBuildPhase;
			buildActionMask = 2147483647;
			files = (
			);
			runOnlyForDeploymentPostprocessing = 0;
		};
/* End PBXResourcesBuildPhase section */

/* Begin PBXSourcesBuildPhase section */
		D19D5B032C35423100E9AE98 /* Sources */ = {
			isa = PBXSourcesBuildPhase;
			buildActionMask = 2147483647;
			files = (
				BBB4DD062C373EBC00150FE5 /* TargetScreen.swift in Sources */,
				953B899D2C36A8FA00A4618D /* MainScreen.swift in Sources */,
				953B89992C36A8E200A4618D /* CreateEducatorAccount.swift in Sources */,
				953B899B2C36A8F000A4618D /* EducatorHomeScreen.swift in Sources */,
				953B89972C36A8BC00A4618D /* AdminHomeScreen.swift in Sources */,
				D19D5B0D2C35423100E9AE98 /* ContentView.swift in Sources */,
				953B89A72C36A94C00A4618D /* EducatorLogin.swift in Sources */,
				BBB4DD0B2C3748D400150FE5 /* CourseCreationScreen.swift in Sources */,
				953B89A92C36A96800A4618D /* AdminLogin.swift in Sources */,
				D19D5B0B2C35423100E9AE98 /* TLMS_adminApp.swift in Sources */,
				BBB4DD072C373EBC00150FE5 /* File.swift in Sources */,
				BBB4DD052C373EBC00150FE5 /* NewTargetScreen.swift in Sources */,
			);
			runOnlyForDeploymentPostprocessing = 0;
		};
		D19D5B132C35423200E9AE98 /* Sources */ = {
			isa = PBXSourcesBuildPhase;
			buildActionMask = 2147483647;
			files = (
				D19D5B1C2C35423200E9AE98 /* TLMS_adminTests.swift in Sources */,
			);
			runOnlyForDeploymentPostprocessing = 0;
		};
		D19D5B1D2C35423200E9AE98 /* Sources */ = {
			isa = PBXSourcesBuildPhase;
			buildActionMask = 2147483647;
			files = (
				D19D5B282C35423200E9AE98 /* TLMS_adminUITestsLaunchTests.swift in Sources */,
				D19D5B262C35423200E9AE98 /* TLMS_adminUITests.swift in Sources */,
			);
			runOnlyForDeploymentPostprocessing = 0;
		};
/* End PBXSourcesBuildPhase section */

/* Begin PBXTargetDependency section */
		D19D5B192C35423200E9AE98 /* PBXTargetDependency */ = {
			isa = PBXTargetDependency;
			target = D19D5B062C35423100E9AE98 /* TLMS-admin */;
			targetProxy = D19D5B182C35423200E9AE98 /* PBXContainerItemProxy */;
		};
		D19D5B232C35423200E9AE98 /* PBXTargetDependency */ = {
			isa = PBXTargetDependency;
			target = D19D5B062C35423100E9AE98 /* TLMS-admin */;
			targetProxy = D19D5B222C35423200E9AE98 /* PBXContainerItemProxy */;
		};
/* End PBXTargetDependency section */

/* Begin XCBuildConfiguration section */
		D19D5B292C35423200E9AE98 /* Debug */ = {
			isa = XCBuildConfiguration;
			buildSettings = {
				ALWAYS_SEARCH_USER_PATHS = NO;
				ASSETCATALOG_COMPILER_GENERATE_SWIFT_ASSET_SYMBOL_EXTENSIONS = YES;
				CLANG_ANALYZER_NONNULL = YES;
				CLANG_ANALYZER_NUMBER_OBJECT_CONVERSION = YES_AGGRESSIVE;
				CLANG_CXX_LANGUAGE_STANDARD = "gnu++20";
				CLANG_ENABLE_MODULES = YES;
				CLANG_ENABLE_OBJC_ARC = YES;
				CLANG_ENABLE_OBJC_WEAK = YES;
				CLANG_WARN_BLOCK_CAPTURE_AUTORELEASING = YES;
				CLANG_WARN_BOOL_CONVERSION = YES;
				CLANG_WARN_COMMA = YES;
				CLANG_WARN_CONSTANT_CONVERSION = YES;
				CLANG_WARN_DEPRECATED_OBJC_IMPLEMENTATIONS = YES;
				CLANG_WARN_DIRECT_OBJC_ISA_USAGE = YES_ERROR;
				CLANG_WARN_DOCUMENTATION_COMMENTS = YES;
				CLANG_WARN_EMPTY_BODY = YES;
				CLANG_WARN_ENUM_CONVERSION = YES;
				CLANG_WARN_INFINITE_RECURSION = YES;
				CLANG_WARN_INT_CONVERSION = YES;
				CLANG_WARN_NON_LITERAL_NULL_CONVERSION = YES;
				CLANG_WARN_OBJC_IMPLICIT_RETAIN_SELF = YES;
				CLANG_WARN_OBJC_LITERAL_CONVERSION = YES;
				CLANG_WARN_OBJC_ROOT_CLASS = YES_ERROR;
				CLANG_WARN_QUOTED_INCLUDE_IN_FRAMEWORK_HEADER = YES;
				CLANG_WARN_RANGE_LOOP_ANALYSIS = YES;
				CLANG_WARN_STRICT_PROTOTYPES = YES;
				CLANG_WARN_SUSPICIOUS_MOVE = YES;
				CLANG_WARN_UNGUARDED_AVAILABILITY = YES_AGGRESSIVE;
				CLANG_WARN_UNREACHABLE_CODE = YES;
				CLANG_WARN__DUPLICATE_METHOD_MATCH = YES;
				COPY_PHASE_STRIP = NO;
				DEBUG_INFORMATION_FORMAT = dwarf;
				ENABLE_STRICT_OBJC_MSGSEND = YES;
				ENABLE_TESTABILITY = YES;
				ENABLE_USER_SCRIPT_SANDBOXING = YES;
				GCC_C_LANGUAGE_STANDARD = gnu17;
				GCC_DYNAMIC_NO_PIC = NO;
				GCC_NO_COMMON_BLOCKS = YES;
				GCC_OPTIMIZATION_LEVEL = 0;
				GCC_PREPROCESSOR_DEFINITIONS = (
					"DEBUG=1",
					"$(inherited)",
				);
				GCC_WARN_64_TO_32_BIT_CONVERSION = YES;
				GCC_WARN_ABOUT_RETURN_TYPE = YES_ERROR;
				GCC_WARN_UNDECLARED_SELECTOR = YES;
				GCC_WARN_UNINITIALIZED_AUTOS = YES_AGGRESSIVE;
				GCC_WARN_UNUSED_FUNCTION = YES;
				GCC_WARN_UNUSED_VARIABLE = YES;
				IPHONEOS_DEPLOYMENT_TARGET = 17.5;
				LOCALIZATION_PREFERS_STRING_CATALOGS = YES;
				MTL_ENABLE_DEBUG_INFO = INCLUDE_SOURCE;
				MTL_FAST_MATH = YES;
				ONLY_ACTIVE_ARCH = YES;
				SDKROOT = iphoneos;
				SWIFT_ACTIVE_COMPILATION_CONDITIONS = "DEBUG $(inherited)";
				SWIFT_OPTIMIZATION_LEVEL = "-Onone";
			};
			name = Debug;
		};
		D19D5B2A2C35423200E9AE98 /* Release */ = {
			isa = XCBuildConfiguration;
			buildSettings = {
				ALWAYS_SEARCH_USER_PATHS = NO;
				ASSETCATALOG_COMPILER_GENERATE_SWIFT_ASSET_SYMBOL_EXTENSIONS = YES;
				CLANG_ANALYZER_NONNULL = YES;
				CLANG_ANALYZER_NUMBER_OBJECT_CONVERSION = YES_AGGRESSIVE;
				CLANG_CXX_LANGUAGE_STANDARD = "gnu++20";
				CLANG_ENABLE_MODULES = YES;
				CLANG_ENABLE_OBJC_ARC = YES;
				CLANG_ENABLE_OBJC_WEAK = YES;
				CLANG_WARN_BLOCK_CAPTURE_AUTORELEASING = YES;
				CLANG_WARN_BOOL_CONVERSION = YES;
				CLANG_WARN_COMMA = YES;
				CLANG_WARN_CONSTANT_CONVERSION = YES;
				CLANG_WARN_DEPRECATED_OBJC_IMPLEMENTATIONS = YES;
				CLANG_WARN_DIRECT_OBJC_ISA_USAGE = YES_ERROR;
				CLANG_WARN_DOCUMENTATION_COMMENTS = YES;
				CLANG_WARN_EMPTY_BODY = YES;
				CLANG_WARN_ENUM_CONVERSION = YES;
				CLANG_WARN_INFINITE_RECURSION = YES;
				CLANG_WARN_INT_CONVERSION = YES;
				CLANG_WARN_NON_LITERAL_NULL_CONVERSION = YES;
				CLANG_WARN_OBJC_IMPLICIT_RETAIN_SELF = YES;
				CLANG_WARN_OBJC_LITERAL_CONVERSION = YES;
				CLANG_WARN_OBJC_ROOT_CLASS = YES_ERROR;
				CLANG_WARN_QUOTED_INCLUDE_IN_FRAMEWORK_HEADER = YES;
				CLANG_WARN_RANGE_LOOP_ANALYSIS = YES;
				CLANG_WARN_STRICT_PROTOTYPES = YES;
				CLANG_WARN_SUSPICIOUS_MOVE = YES;
				CLANG_WARN_UNGUARDED_AVAILABILITY = YES_AGGRESSIVE;
				CLANG_WARN_UNREACHABLE_CODE = YES;
				CLANG_WARN__DUPLICATE_METHOD_MATCH = YES;
				COPY_PHASE_STRIP = NO;
				DEBUG_INFORMATION_FORMAT = "dwarf-with-dsym";
				ENABLE_NS_ASSERTIONS = NO;
				ENABLE_STRICT_OBJC_MSGSEND = YES;
				ENABLE_USER_SCRIPT_SANDBOXING = YES;
				GCC_C_LANGUAGE_STANDARD = gnu17;
				GCC_NO_COMMON_BLOCKS = YES;
				GCC_WARN_64_TO_32_BIT_CONVERSION = YES;
				GCC_WARN_ABOUT_RETURN_TYPE = YES_ERROR;
				GCC_WARN_UNDECLARED_SELECTOR = YES;
				GCC_WARN_UNINITIALIZED_AUTOS = YES_AGGRESSIVE;
				GCC_WARN_UNUSED_FUNCTION = YES;
				GCC_WARN_UNUSED_VARIABLE = YES;
				IPHONEOS_DEPLOYMENT_TARGET = 17.5;
				LOCALIZATION_PREFERS_STRING_CATALOGS = YES;
				MTL_ENABLE_DEBUG_INFO = NO;
				MTL_FAST_MATH = YES;
				SDKROOT = iphoneos;
				SWIFT_COMPILATION_MODE = wholemodule;
				VALIDATE_PRODUCT = YES;
			};
			name = Release;
		};
		D19D5B2C2C35423200E9AE98 /* Debug */ = {
			isa = XCBuildConfiguration;
			buildSettings = {
				ASSETCATALOG_COMPILER_APPICON_NAME = AppIcon;
				ASSETCATALOG_COMPILER_GLOBAL_ACCENT_COLOR_NAME = AccentColor;
				CODE_SIGN_STYLE = Automatic;
				CURRENT_PROJECT_VERSION = 1;
				DEVELOPMENT_ASSET_PATHS = "\"TLMS-admin/Preview Content\"";
				DEVELOPMENT_TEAM = 8SGTXTM2JK;
				ENABLE_PREVIEWS = YES;
				GENERATE_INFOPLIST_FILE = YES;
				INFOPLIST_KEY_UIApplicationSceneManifest_Generation = YES;
				INFOPLIST_KEY_UIApplicationSupportsIndirectInputEvents = YES;
				INFOPLIST_KEY_UILaunchScreen_Generation = YES;
				INFOPLIST_KEY_UISupportedInterfaceOrientations_iPad = "UIInterfaceOrientationPortrait UIInterfaceOrientationPortraitUpsideDown UIInterfaceOrientationLandscapeLeft UIInterfaceOrientationLandscapeRight";
				INFOPLIST_KEY_UISupportedInterfaceOrientations_iPhone = "UIInterfaceOrientationPortrait UIInterfaceOrientationLandscapeLeft UIInterfaceOrientationLandscapeRight";
				LD_RUNPATH_SEARCH_PATHS = (
					"$(inherited)",
					"@executable_path/Frameworks",
				);
				MARKETING_VERSION = 1.0;
				PRODUCT_BUNDLE_IDENTIFIER = "com.example.TLMS-Infy-Admin";
				PRODUCT_NAME = "$(TARGET_NAME)";
				SWIFT_EMIT_LOC_STRINGS = YES;
				SWIFT_VERSION = 5.0;
				TARGETED_DEVICE_FAMILY = "1,2";
			};
			name = Debug;
		};
		D19D5B2D2C35423200E9AE98 /* Release */ = {
			isa = XCBuildConfiguration;
			buildSettings = {
				ASSETCATALOG_COMPILER_APPICON_NAME = AppIcon;
				ASSETCATALOG_COMPILER_GLOBAL_ACCENT_COLOR_NAME = AccentColor;
				CODE_SIGN_STYLE = Automatic;
				CURRENT_PROJECT_VERSION = 1;
				DEVELOPMENT_ASSET_PATHS = "\"TLMS-admin/Preview Content\"";
				DEVELOPMENT_TEAM = 8SGTXTM2JK;
				ENABLE_PREVIEWS = YES;
				GENERATE_INFOPLIST_FILE = YES;
				INFOPLIST_KEY_UIApplicationSceneManifest_Generation = YES;
				INFOPLIST_KEY_UIApplicationSupportsIndirectInputEvents = YES;
				INFOPLIST_KEY_UILaunchScreen_Generation = YES;
				INFOPLIST_KEY_UISupportedInterfaceOrientations_iPad = "UIInterfaceOrientationPortrait UIInterfaceOrientationPortraitUpsideDown UIInterfaceOrientationLandscapeLeft UIInterfaceOrientationLandscapeRight";
				INFOPLIST_KEY_UISupportedInterfaceOrientations_iPhone = "UIInterfaceOrientationPortrait UIInterfaceOrientationLandscapeLeft UIInterfaceOrientationLandscapeRight";
				LD_RUNPATH_SEARCH_PATHS = (
					"$(inherited)",
					"@executable_path/Frameworks",
				);
				MARKETING_VERSION = 1.0;
				PRODUCT_BUNDLE_IDENTIFIER = "com.example.TLMS-Infy-Admin";
				PRODUCT_NAME = "$(TARGET_NAME)";
				SWIFT_EMIT_LOC_STRINGS = YES;
				SWIFT_VERSION = 5.0;
				TARGETED_DEVICE_FAMILY = "1,2";
			};
			name = Release;
		};
		D19D5B2F2C35423200E9AE98 /* Debug */ = {
			isa = XCBuildConfiguration;
			buildSettings = {
				ALWAYS_EMBED_SWIFT_STANDARD_LIBRARIES = YES;
				BUNDLE_LOADER = "$(TEST_HOST)";
				CODE_SIGN_STYLE = Automatic;
				CURRENT_PROJECT_VERSION = 1;
				DEVELOPMENT_TEAM = 8SGTXTM2JK;
				GENERATE_INFOPLIST_FILE = YES;
				IPHONEOS_DEPLOYMENT_TARGET = 17.5;
				MARKETING_VERSION = 1.0;
				PRODUCT_BUNDLE_IDENTIFIER = "com.example.TLMS-adminTests";
				PRODUCT_NAME = "$(TARGET_NAME)";
				SWIFT_EMIT_LOC_STRINGS = NO;
				SWIFT_VERSION = 5.0;
				TARGETED_DEVICE_FAMILY = "1,2";
				TEST_HOST = "$(BUILT_PRODUCTS_DIR)/TLMS-admin.app/$(BUNDLE_EXECUTABLE_FOLDER_PATH)/TLMS-admin";
			};
			name = Debug;
		};
		D19D5B302C35423200E9AE98 /* Release */ = {
			isa = XCBuildConfiguration;
			buildSettings = {
				ALWAYS_EMBED_SWIFT_STANDARD_LIBRARIES = YES;
				BUNDLE_LOADER = "$(TEST_HOST)";
				CODE_SIGN_STYLE = Automatic;
				CURRENT_PROJECT_VERSION = 1;
				DEVELOPMENT_TEAM = 8SGTXTM2JK;
				GENERATE_INFOPLIST_FILE = YES;
				IPHONEOS_DEPLOYMENT_TARGET = 17.5;
				MARKETING_VERSION = 1.0;
				PRODUCT_BUNDLE_IDENTIFIER = "com.example.TLMS-adminTests";
				PRODUCT_NAME = "$(TARGET_NAME)";
				SWIFT_EMIT_LOC_STRINGS = NO;
				SWIFT_VERSION = 5.0;
				TARGETED_DEVICE_FAMILY = "1,2";
				TEST_HOST = "$(BUILT_PRODUCTS_DIR)/TLMS-admin.app/$(BUNDLE_EXECUTABLE_FOLDER_PATH)/TLMS-admin";
			};
			name = Release;
		};
		D19D5B322C35423200E9AE98 /* Debug */ = {
			isa = XCBuildConfiguration;
			buildSettings = {
				ALWAYS_EMBED_SWIFT_STANDARD_LIBRARIES = YES;
				CODE_SIGN_STYLE = Automatic;
				CURRENT_PROJECT_VERSION = 1;
				DEVELOPMENT_TEAM = 8SGTXTM2JK;
				GENERATE_INFOPLIST_FILE = YES;
				MARKETING_VERSION = 1.0;
				PRODUCT_BUNDLE_IDENTIFIER = "com.example.TLMS-adminUITests";
				PRODUCT_NAME = "$(TARGET_NAME)";
				SWIFT_EMIT_LOC_STRINGS = NO;
				SWIFT_VERSION = 5.0;
				TARGETED_DEVICE_FAMILY = "1,2";
				TEST_TARGET_NAME = "TLMS-admin";
			};
			name = Debug;
		};
		D19D5B332C35423200E9AE98 /* Release */ = {
			isa = XCBuildConfiguration;
			buildSettings = {
				ALWAYS_EMBED_SWIFT_STANDARD_LIBRARIES = YES;
				CODE_SIGN_STYLE = Automatic;
				CURRENT_PROJECT_VERSION = 1;
				DEVELOPMENT_TEAM = 8SGTXTM2JK;
				GENERATE_INFOPLIST_FILE = YES;
				MARKETING_VERSION = 1.0;
				PRODUCT_BUNDLE_IDENTIFIER = "com.example.TLMS-adminUITests";
				PRODUCT_NAME = "$(TARGET_NAME)";
				SWIFT_EMIT_LOC_STRINGS = NO;
				SWIFT_VERSION = 5.0;
				TARGETED_DEVICE_FAMILY = "1,2";
				TEST_TARGET_NAME = "TLMS-admin";
			};
			name = Release;
		};
/* End XCBuildConfiguration section */

/* Begin XCConfigurationList section */
		D19D5B022C35423100E9AE98 /* Build configuration list for PBXProject "TLMS-admin" */ = {
			isa = XCConfigurationList;
			buildConfigurations = (
				D19D5B292C35423200E9AE98 /* Debug */,
				D19D5B2A2C35423200E9AE98 /* Release */,
			);
			defaultConfigurationIsVisible = 0;
			defaultConfigurationName = Release;
		};
		D19D5B2B2C35423200E9AE98 /* Build configuration list for PBXNativeTarget "TLMS-admin" */ = {
			isa = XCConfigurationList;
			buildConfigurations = (
				D19D5B2C2C35423200E9AE98 /* Debug */,
				D19D5B2D2C35423200E9AE98 /* Release */,
			);
			defaultConfigurationIsVisible = 0;
			defaultConfigurationName = Release;
		};
		D19D5B2E2C35423200E9AE98 /* Build configuration list for PBXNativeTarget "TLMS-adminTests" */ = {
			isa = XCConfigurationList;
			buildConfigurations = (
				D19D5B2F2C35423200E9AE98 /* Debug */,
				D19D5B302C35423200E9AE98 /* Release */,
			);
			defaultConfigurationIsVisible = 0;
			defaultConfigurationName = Release;
		};
		D19D5B312C35423200E9AE98 /* Build configuration list for PBXNativeTarget "TLMS-adminUITests" */ = {
			isa = XCConfigurationList;
			buildConfigurations = (
				D19D5B322C35423200E9AE98 /* Debug */,
				D19D5B332C35423200E9AE98 /* Release */,
			);
			defaultConfigurationIsVisible = 0;
			defaultConfigurationName = Release;
		};
/* End XCConfigurationList section */

/* Begin XCRemoteSwiftPackageReference section */
		D1D98E492C3557B30087BE49 /* XCRemoteSwiftPackageReference "firebase-ios-sdk" */ = {
			isa = XCRemoteSwiftPackageReference;
			repositoryURL = "https://github.com/firebase/firebase-ios-sdk";
			requirement = {
				kind = upToNextMajorVersion;
				minimumVersion = 10.28.1;
			};
		};
/* End XCRemoteSwiftPackageReference section */

/* Begin XCSwiftPackageProductDependency section */
		D1D98E4A2C3557B30087BE49 /* FirebaseAuth */ = {
			isa = XCSwiftPackageProductDependency;
			package = D1D98E492C3557B30087BE49 /* XCRemoteSwiftPackageReference "firebase-ios-sdk" */;
			productName = FirebaseAuth;
		};
		D1D98E4C2C3557B30087BE49 /* FirebaseDatabase */ = {
			isa = XCSwiftPackageProductDependency;
			package = D1D98E492C3557B30087BE49 /* XCRemoteSwiftPackageReference "firebase-ios-sdk" */;
			productName = FirebaseDatabase;
		};
		D1D98E4E2C3557B30087BE49 /* FirebaseDatabaseSwift */ = {
			isa = XCSwiftPackageProductDependency;
			package = D1D98E492C3557B30087BE49 /* XCRemoteSwiftPackageReference "firebase-ios-sdk" */;
			productName = FirebaseDatabaseSwift;
		};
		D1D98E502C3557B30087BE49 /* FirebaseFirestore */ = {
			isa = XCSwiftPackageProductDependency;
			package = D1D98E492C3557B30087BE49 /* XCRemoteSwiftPackageReference "firebase-ios-sdk" */;
			productName = FirebaseFirestore;
		};
		D1D98E522C3557B30087BE49 /* FirebaseFirestoreSwift */ = {
			isa = XCSwiftPackageProductDependency;
			package = D1D98E492C3557B30087BE49 /* XCRemoteSwiftPackageReference "firebase-ios-sdk" */;
			productName = FirebaseFirestoreSwift;
		};
		D1D98E542C3557B30087BE49 /* FirebaseStorage */ = {
			isa = XCSwiftPackageProductDependency;
			package = D1D98E492C3557B30087BE49 /* XCRemoteSwiftPackageReference "firebase-ios-sdk" */;
			productName = FirebaseStorage;
		};
/* End XCSwiftPackageProductDependency section */
	};
	rootObject = D19D5AFF2C35423100E9AE98 /* Project object */;
}
